
Microsoft Visual Studio Solution File, Format Version 12.00
# Visual Studio Version 16
VisualStudioVersion = 16.0.29728.190
MinimumVisualStudioVersion = 10.0.40219.1
Project("{FAE04EC0-301F-11D3-BF4B-00C04F79EFBC}") = "03_Henry_PA9", "03_Henry_PA9\03_Henry_PA9.csproj", "{FF89A94F-61D9-48F5-A3AA-A38290ADAD17}"
EndProject
Global
	GlobalSection(SolutionConfigurationPlatforms) = preSolution
		Debug|Any CPU = Debug|Any CPU
		Release|Any CPU = Release|Any CPU
	EndGlobalSection
	GlobalSection(ProjectConfigurationPlatforms) = postSolution
		{FF89A94F-61D9-48F5-A3AA-A38290ADAD17}.Debug|Any CPU.ActiveCfg = Debug|Any CPU
		{FF89A94F-61D9-48F5-A3AA-A38290ADAD17}.Debug|Any CPU.Build.0 = Debug|Any CPU
		{FF89A94F-61D9-48F5-A3AA-A38290ADAD17}.Release|Any CPU.ActiveCfg = Release|Any CPU
		{FF89A94F-61D9-48F5-A3AA-A38290ADAD17}.Release|Any CPU.Build.0 = Release|Any CPU
	EndGlobalSection
	GlobalSection(SolutionProperties) = preSolution
		HideSolutionNode = FALSE
	EndGlobalSection
	GlobalSection(ExtensibilityGlobals) = postSolution
		SolutionGuid = {139FA7E5-A8B4-49CD-838A-E6EB63C6C041}
	EndGlobalSection
EndGlobal
